# @generated by Move, please check-in and do not edit manually.

[move]
version = 0
manifest_digest = "03D63325B91160A2D79212ED8A6F01DC4BE0545458462F8B5A75709104ABDB7A"
deps_digest = "7C55C411754F103F4ECA48E7FF8DFD3CB4DF62988D2A412D739F6F0931F9D067"

dependencies = [
  { name = "MoveStdlib" },
  { name = "Sui" },
  { name = "SuiSystem" },
  { name = "suiDouBashiAmm" },
  { name = "suiDouBashiVSDB" },
]

[[move.package]]
name = "MoveStdlib"
source = { git = "https://github.com/MystenLabs/sui.git", rev = "devnet", subdir = "crates/sui-framework/packages/move-stdlib" }

[[move.package]]
name = "Sui"
source = { git = "https://github.com/MystenLabs/sui.git", rev = "devnet", subdir = "crates/sui-framework/packages/sui-framework" }

dependencies = [
  { name = "MoveStdlib" },
]

[[move.package]]
name = "SuiSystem"
source = { git = "https://github.com/MystenLabs/sui.git", rev = "devnet", subdir = "crates/sui-framework/packages/sui-system/" }

dependencies = [
  { name = "MoveStdlib" },
  { name = "Sui" },
]

[[move.package]]
name = "coin_list"
source = { local = "../coin_list" }

dependencies = [
  { name = "Sui" },
]

[[move.package]]
name = "suiDouBashiAmm"
source = { local = "../amm" }

dependencies = [
  { name = "MoveStdlib" },
  { name = "Sui" },
  { name = "SuiSystem" },
  { name = "coin_list" },
  { name = "suiDouBashiVSDB" },
]

[[move.package]]
name = "suiDouBashiVSDB"
source = { local = "../vsdb" }

dependencies = [
  { name = "MoveStdlib" },
  { name = "Sui" },
  { name = "SuiSystem" },
]
