# @generated by Move, please check-in and do not edit manually.

[move]
version = 0
manifest_digest = "BD4BE535077D90B1102FEC2FCDF643161A7B55E85922C9558502C2F7ECB1197C"

dependencies = [
  { name = "MoveStdlib" },
  { name = "Sui" },
  { name = "SuiSystem" },
  { name = "coin_list" },
  { name = "suiDouBashiAmm" },
  { name = "test" },
]

[[move.package]]
name = "MoveStdlib"
source = { git = "https://github.com/MystenLabs/sui.git", rev = "devnet", subdir = "crates/sui-framework/packages/move-stdlib" }

[[move.package]]
name = "Sui"
source = { git = "https://github.com/MystenLabs/sui.git", rev = "devnet", subdir = "crates/sui-framework/packages/sui-framework" }

dependencies = [
  { name = "MoveStdlib" },
]

[[move.package]]
name = "SuiSystem"
source = { git = "https://github.com/MystenLabs/sui.git", rev = "devnet", subdir = "crates/sui-framework/packages/sui-system/" }

dependencies = [
  { name = "MoveStdlib" },
  { name = "Sui" },
]

[[move.package]]
name = "coin_list"
source = { local = "../coin_list" }

dependencies = [
  { name = "Sui" },
]

[[move.package]]
name = "suiDouBashiAmm"
source = { local = "../amm" }

dependencies = [
  { name = "MoveStdlib" },
  { name = "Sui" },
  { name = "SuiSystem" },
  { name = "coin_list" },
  { name = "suiDouBashiVSDB" },
]

[[move.package]]
name = "suiDouBashiVSDB"
source = { local = "../vsdb" }

dependencies = [
  { name = "MoveStdlib" },
  { name = "Sui" },
  { name = "SuiSystem" },
]

[[move.package]]
name = "suiDouBashiVote"
source = { local = "../vote" }

dependencies = [
  { name = "MoveStdlib" },
  { name = "Sui" },
  { name = "SuiSystem" },
  { name = "suiDouBashiAmm" },
  { name = "suiDouBashiVSDB" },
]

[[move.package]]
name = "test"
source = { local = "../test" }

dependencies = [
  { name = "MoveStdlib" },
  { name = "Sui" },
  { name = "SuiSystem" },
  { name = "suiDouBashiAmm" },
  { name = "suiDouBashiVSDB" },
  { name = "suiDouBashiVote" },
]
