# @generated by Move, please check-in and do not edit manually.

[move]
version = 0
manifest_digest = "D3917EF5B6072AD03527E141DBB999EC66D18ACDCCFF5E82FBF02DA73BAC9AC0"
deps_digest = "E2C4B8DF2BAAA0D6A4E6000E22A60EEAA317D71F2FC12FA82DAE477A8B6369D5"

dependencies = [
  { name = "Sui" },
  { name = "suiDouBashiVSDB" },
]

[[move.package]]
name = "MoveStdlib"
source = { git = "https://github.com/MystenLabs/sui.git", rev = "devnet", subdir = "crates/sui-framework/packages/move-stdlib" }

[[move.package]]
name = "Sui"
source = { git = "https://github.com/MystenLabs/sui.git", rev = "devnet", subdir = "crates/sui-framework/packages/sui-framework/" }

dependencies = [
  { name = "MoveStdlib" },
]

[[move.package]]
name = "SuiSystem"
source = { git = "https://github.com/MystenLabs/sui.git", rev = "devnet", subdir = "crates/sui-framework/packages/sui-system/" }

dependencies = [
  { name = "MoveStdlib" },
  { name = "Sui" },
]

[[move.package]]
name = "suiDouBashiVSDB"
source = { local = "../vsdb" }

dependencies = [
  { name = "MoveStdlib" },
  { name = "Sui" },
  { name = "SuiSystem" },
]
